{
  "nodes": {
    "agenix": {
      "inputs": {
        "darwin": "darwin",
        "nixpkgs": [
          "ragenix",
          "nixpkgs"
        ]
      },
      "locked": {
        "lastModified": 1682101079,
        "narHash": "sha256-MdAhtjrLKnk2uiqun1FWABbKpLH090oeqCSiWemtuck=",
        "owner": "ryantm",
        "repo": "agenix",
        "rev": "2994d002dcff5353ca1ac48ec584c7f6589fe447",
        "type": "github"
      },
      "original": {
        "owner": "ryantm",
        "repo": "agenix",
        "type": "github"
      }
    },
    "clj-nix": {
      "inputs": {
        "devshell": "devshell_2",
        "nix-fetcher-data": "nix-fetcher-data",
        "nixpkgs": [
          "marrano-bot",
          "nixpkgs"
        ]
      },
      "locked": {
        "lastModified": 1695760857,
        "narHash": "sha256-cVKY2YyI/hKM+muWRtE8yuw+hXyGupv4OtvQJaDS7rk=",
        "owner": "jlesquembre",
        "repo": "clj-nix",
        "rev": "51caf63bfac477f98450694141dbc894b0a27614",
        "type": "github"
      },
      "original": {
        "owner": "jlesquembre",
        "repo": "clj-nix",
        "type": "github"
      }
    },
    "crane": {
      "inputs": {
        "flake-compat": "flake-compat_3",
        "flake-utils": [
          "ragenix",
          "flake-utils"
        ],
        "nixpkgs": [
          "ragenix",
          "nixpkgs"
        ],
        "rust-overlay": [
          "ragenix",
          "rust-overlay"
        ]
      },
      "locked": {
        "lastModified": 1681680516,
        "narHash": "sha256-EB8Adaeg4zgcYDJn9sR6UMjN/OHdIiMMK19+3LmmXQY=",
        "owner": "ipetkov",
        "repo": "crane",
        "rev": "54b63c8eae4c50172cb50b612946ff1d2bc1c75c",
        "type": "github"
      },
      "original": {
        "owner": "ipetkov",
        "repo": "crane",
        "type": "github"
      }
    },
    "darwin": {
      "inputs": {
        "nixpkgs": [
          "ragenix",
          "agenix",
          "nixpkgs"
        ]
      },
      "locked": {
        "lastModified": 1673295039,
        "narHash": "sha256-AsdYgE8/GPwcelGgrntlijMg4t3hLFJFCRF3tL5WVjA=",
        "owner": "lnl7",
        "repo": "nix-darwin",
        "rev": "87b9d090ad39b25b2400029c64825fc2a8868943",
        "type": "github"
      },
      "original": {
        "owner": "lnl7",
        "ref": "master",
        "repo": "nix-darwin",
        "type": "github"
      }
    },
    "deploy-rs": {
      "inputs": {
        "flake-compat": "flake-compat",
        "nixpkgs": [
          "nixpkgs"
        ],
        "utils": "utils"
      },
      "locked": {
        "lastModified": 1704875591,
        "narHash": "sha256-eWRLbqRcrILgztU/m/k7CYLzETKNbv0OsT2GjkaNm8A=",
        "owner": "serokell",
        "repo": "deploy-rs",
        "rev": "1776009f1f3fb2b5d236b84d9815f2edee463a9b",
        "type": "github"
      },
      "original": {
        "owner": "serokell",
        "repo": "deploy-rs",
        "type": "github"
      }
    },
    "devshell": {
      "inputs": {
        "flake-utils": "flake-utils",
        "nixpkgs": [
          "nixpkgs"
        ]
      },
      "locked": {
        "lastModified": 1704648272,
        "narHash": "sha256-zCDhWGl3bVpBKpDZ0p3NuGksZVg69BAChsY5W4KARL4=",
        "owner": "numtide",
        "repo": "devshell",
        "rev": "f54745fd4aae92443817ddc566ce06572b178b5a",
        "type": "github"
      },
      "original": {
        "owner": "numtide",
        "repo": "devshell",
        "type": "github"
      }
    },
    "devshell_2": {
      "inputs": {
        "nixpkgs": [
          "marrano-bot",
          "clj-nix",
          "nixpkgs"
        ],
        "systems": "systems_4"
      },
      "locked": {
        "lastModified": 1695195896,
        "narHash": "sha256-pq9q7YsGXnQzJFkR5284TmxrLNFc0wo4NQ/a5E93CQU=",
        "owner": "numtide",
        "repo": "devshell",
        "rev": "05d40d17bf3459606316e3e9ec683b784ff28f16",
        "type": "github"
      },
      "original": {
        "owner": "numtide",
        "repo": "devshell",
        "type": "github"
      }
    },
    "devshell_3": {
      "inputs": {
        "nixpkgs": "nixpkgs",
        "systems": "systems_5"
      },
      "locked": {
        "lastModified": 1695973661,
        "narHash": "sha256-BP2H4c42GThPIhERtTpV1yCtwQHYHEKdRu7pjrmQAwo=",
        "owner": "numtide",
        "repo": "devshell",
        "rev": "cd4e2fda3150dd2f689caeac07b7f47df5197c31",
        "type": "github"
      },
      "original": {
        "owner": "numtide",
        "repo": "devshell",
        "type": "github"
      }
    },
    "flake-compat": {
      "flake": false,
      "locked": {
        "lastModified": 1696426674,
        "narHash": "sha256-kvjfFW7WAETZlt09AgDn1MrtKzP7t90Vf7vypd3OL1U=",
        "owner": "edolstra",
        "repo": "flake-compat",
        "rev": "0f9255e01c2351cc7d116c072cb317785dd33b33",
        "type": "github"
      },
      "original": {
        "owner": "edolstra",
        "repo": "flake-compat",
        "type": "github"
      }
    },
    "flake-compat_2": {
      "flake": false,
      "locked": {
        "lastModified": 1696426674,
        "narHash": "sha256-kvjfFW7WAETZlt09AgDn1MrtKzP7t90Vf7vypd3OL1U=",
        "owner": "edolstra",
        "repo": "flake-compat",
        "rev": "0f9255e01c2351cc7d116c072cb317785dd33b33",
        "type": "github"
      },
      "original": {
        "owner": "edolstra",
        "repo": "flake-compat",
        "type": "github"
      }
    },
    "flake-compat_3": {
      "flake": false,
      "locked": {
        "lastModified": 1673956053,
        "narHash": "sha256-4gtG9iQuiKITOjNQQeQIpoIB6b16fm+504Ch3sNKLd8=",
        "owner": "edolstra",
        "repo": "flake-compat",
        "rev": "35bb57c0c8d8b62bbfd284272c928ceb64ddbde9",
        "type": "github"
      },
      "original": {
        "owner": "edolstra",
        "repo": "flake-compat",
        "type": "github"
      }
    },
    "flake-part": {
      "inputs": {
        "nixpkgs-lib": "nixpkgs-lib"
      },
      "locked": {
        "lastModified": 1685546676,
        "narHash": "sha256-XDbjJyAg6odX5Vj0Q22iI/gQuFvEkv9kamsSbQ+npaI=",
        "owner": "hercules-ci",
        "repo": "flake-parts",
        "rev": "6ef2707776c6379bc727faf3f83c0dd60b06e0c6",
        "type": "github"
      },
      "original": {
        "owner": "hercules-ci",
        "repo": "flake-parts",
        "type": "github"
      }
    },
    "flake-parts": {
      "inputs": {
        "nixpkgs-lib": "nixpkgs-lib_2"
      },
      "locked": {
        "lastModified": 1685546676,
        "narHash": "sha256-XDbjJyAg6odX5Vj0Q22iI/gQuFvEkv9kamsSbQ+npaI=",
        "owner": "hercules-ci",
        "repo": "flake-parts",
        "rev": "6ef2707776c6379bc727faf3f83c0dd60b06e0c6",
        "type": "github"
      },
      "original": {
        "id": "flake-parts",
        "type": "indirect"
      }
    },
    "flake-utils": {
      "inputs": {
        "systems": "systems_2"
      },
      "locked": {
        "lastModified": 1701680307,
        "narHash": "sha256-kAuep2h5ajznlPMD9rnQyffWG8EM/C73lejGofXvdM8=",
        "owner": "numtide",
        "repo": "flake-utils",
        "rev": "4022d587cbbfd70fe950c1e2083a02621806a725",
        "type": "github"
      },
      "original": {
        "owner": "numtide",
        "repo": "flake-utils",
        "type": "github"
      }
    },
    "flake-utils_2": {
      "inputs": {
        "systems": "systems_3"
      },
      "locked": {
        "lastModified": 1701680307,
        "narHash": "sha256-kAuep2h5ajznlPMD9rnQyffWG8EM/C73lejGofXvdM8=",
        "owner": "numtide",
        "repo": "flake-utils",
        "rev": "4022d587cbbfd70fe950c1e2083a02621806a725",
        "type": "github"
      },
      "original": {
        "owner": "numtide",
        "repo": "flake-utils",
        "type": "github"
      }
    },
    "flake-utils_3": {
      "inputs": {
        "systems": "systems_6"
      },
      "locked": {
        "lastModified": 1694529238,
        "narHash": "sha256-zsNZZGTGnMOf9YpHKJqMSsa0dXbfmxeoJ7xHlrt+xmY=",
        "owner": "numtide",
        "repo": "flake-utils",
        "rev": "ff7b65b44d01cf9ba6a71320833626af21126384",
        "type": "github"
      },
      "original": {
        "owner": "numtide",
        "repo": "flake-utils",
        "type": "github"
      }
    },
    "flake-utils_4": {
      "inputs": {
        "systems": "systems_7"
      },
      "locked": {
        "lastModified": 1681202837,
        "narHash": "sha256-H+Rh19JDwRtpVPAWp64F+rlEtxUWBAQW28eAi3SRSzg=",
        "owner": "numtide",
        "repo": "flake-utils",
        "rev": "cfacdce06f30d2b68473a46042957675eebb3401",
        "type": "github"
      },
      "original": {
        "owner": "numtide",
        "repo": "flake-utils",
        "type": "github"
      }
    },
    "haumea": {
      "inputs": {
        "nixpkgs": [
          "nixpkgs"
        ]
      },
      "locked": {
        "lastModified": 1685133229,
        "narHash": "sha256-FePm/Gi9PBSNwiDFq3N+DWdfxFq0UKsVVTJS3cQPn94=",
        "owner": "nix-community",
        "repo": "haumea",
        "rev": "34dd58385092a23018748b50f9b23de6266dffc2",
        "type": "github"
      },
      "original": {
        "owner": "nix-community",
        "ref": "v0.2.2",
        "repo": "haumea",
        "type": "github"
      }
    },
    "home-manager": {
      "inputs": {
        "nixpkgs": [
          "nixpkgs"
        ]
      },
      "locked": {
        "lastModified": 1704099619,
        "narHash": "sha256-QRVMkdxLmv+aKGjcgeEg31xtJEIsYq4i1Kbyw5EPS6g=",
        "owner": "nix-community",
        "repo": "home-manager",
        "rev": "7e398b3d76bc1503171b1364c9d4a07ac06f3851",
        "type": "github"
      },
      "original": {
        "owner": "nix-community",
        "ref": "release-23.11",
        "repo": "home-manager",
        "type": "github"
      }
    },
    "marrano-bot": {
      "inputs": {
        "clj-nix": "clj-nix",
        "devshell": "devshell_3",
        "flake-utils": "flake-utils_3",
        "nixpkgs": [
          "nixpkgs"
        ]
      },
      "locked": {
        "lastModified": 1703609439,
        "narHash": "sha256-JYwQ8uK6Krgtq7DWhc7yU/Zu9X1jrGPJVRDR4axg5rU=",
        "owner": "moolite",
        "repo": "bot",
        "rev": "5fc331804916990b3e44aa0742373abf2224ace5",
        "type": "github"
      },
      "original": {
        "owner": "moolite",
        "repo": "bot",
        "type": "github"
      }
    },
    "nix-darwin": {
      "inputs": {
        "nixpkgs": "nixpkgs_2"
      },
      "locked": {
        "lastModified": 1704277720,
        "narHash": "sha256-meAKNgmh3goankLGWqqpw73pm9IvXjEENJloF0coskE=",
        "owner": "LnL7",
        "repo": "nix-darwin",
        "rev": "0dd382b70c351f528561f71a0a7df82c9d2be9a4",
        "type": "github"
      },
      "original": {
        "owner": "LnL7",
        "repo": "nix-darwin",
        "type": "github"
      }
    },
    "nix-fetcher-data": {
      "inputs": {
        "flake-part": "flake-part",
        "flake-parts": "flake-parts",
        "nixpkgs": [
          "marrano-bot",
          "clj-nix",
          "nixpkgs"
        ]
      },
      "locked": {
        "lastModified": 1685572850,
        "narHash": "sha256-lYKEqFG9F84xu51H1rM1u+Ip88cINL0+W26sT+vFEZc=",
        "owner": "jlesquembre",
        "repo": "nix-fetcher-data",
        "rev": "f14967db6c92c79b77419f52c22a698518c91120",
        "type": "github"
      },
      "original": {
        "owner": "jlesquembre",
        "repo": "nix-fetcher-data",
        "type": "github"
      }
    },
    "nixos-hardware": {
      "locked": {
        "lastModified": 1704786394,
        "narHash": "sha256-aJM0ln9fMGWw1+tjyl5JZWZ3ahxAA2gw2ZpZY/hkEMs=",
        "owner": "NixOS",
        "repo": "nixos-hardware",
        "rev": "b34a6075e9e298c4124e35c3ccaf2210c1f3a43b",
        "type": "github"
      },
      "original": {
        "owner": "NixOS",
        "ref": "master",
        "repo": "nixos-hardware",
        "type": "github"
      }
    },
    "nixos-wsl": {
      "inputs": {
        "flake-compat": "flake-compat_2",
        "flake-utils": [
          "flake-utils"
        ],
        "nixpkgs": [
          "nixpkgs"
        ]
      },
      "locked": {
        "lastModified": 1704880572,
        "narHash": "sha256-Z0xrFX0Vm2lVj489g9fsFW97+kCbI7Uw6HdEUgomyKs=",
        "owner": "nix-community",
        "repo": "NixOS-WSL",
        "rev": "2a88d9e4ab32c05fa70334ab39531c0154f9757b",
        "type": "github"
      },
      "original": {
        "owner": "nix-community",
        "repo": "NixOS-WSL",
        "type": "github"
      }
    },
    "nixpkgs": {
      "locked": {
        "lastModified": 1677383253,
        "narHash": "sha256-UfpzWfSxkfXHnb4boXZNaKsAcUrZT9Hw+tao1oZxd08=",
        "owner": "NixOS",
        "repo": "nixpkgs",
        "rev": "9952d6bc395f5841262b006fbace8dd7e143b634",
        "type": "github"
      },
      "original": {
        "owner": "NixOS",
        "ref": "nixpkgs-unstable",
        "repo": "nixpkgs",
        "type": "github"
      }
    },
    "nixpkgs-lib": {
      "locked": {
        "dir": "lib",
        "lastModified": 1682879489,
        "narHash": "sha256-sASwo8gBt7JDnOOstnps90K1wxmVfyhsTPPNTGBPjjg=",
        "owner": "NixOS",
        "repo": "nixpkgs",
        "rev": "da45bf6ec7bbcc5d1e14d3795c025199f28e0de0",
        "type": "github"
      },
      "original": {
        "dir": "lib",
        "owner": "NixOS",
        "ref": "nixos-unstable",
        "repo": "nixpkgs",
        "type": "github"
      }
    },
    "nixpkgs-lib_2": {
      "locked": {
        "dir": "lib",
        "lastModified": 1682879489,
        "narHash": "sha256-sASwo8gBt7JDnOOstnps90K1wxmVfyhsTPPNTGBPjjg=",
        "owner": "NixOS",
        "repo": "nixpkgs",
        "rev": "da45bf6ec7bbcc5d1e14d3795c025199f28e0de0",
        "type": "github"
      },
      "original": {
        "dir": "lib",
        "owner": "NixOS",
        "ref": "nixos-unstable",
        "repo": "nixpkgs",
        "type": "github"
      }
    },
    "nixpkgs_2": {
      "locked": {
        "lastModified": 1687274257,
        "narHash": "sha256-TutzPriQcZ8FghDhEolnHcYU2oHIG5XWF+/SUBNnAOE=",
        "path": "/nix/store/22qgs3skscd9bmrxv9xv4q5d4wwm5ppx-source",
        "rev": "2c9ecd1f0400076a4d6b2193ad468ff0a7e7fdc5",
        "type": "path"
      },
      "original": {
        "id": "nixpkgs",
        "type": "indirect"
      }
    },
    "nixpkgs_3": {
      "locked": {
        "lastModified": 1704732714,
        "narHash": "sha256-ABqK/HggMYA/jMUXgYyqVAcQ8QjeMyr1jcXfTpSHmps=",
        "owner": "nixos",
        "repo": "nixpkgs",
        "rev": "6723fa4e4f1a30d42a633bef5eb01caeb281adc3",
        "type": "github"
      },
      "original": {
        "owner": "nixos",
        "ref": "nixos-23.11",
        "repo": "nixpkgs",
        "type": "github"
      }
    },
    "nur": {
      "locked": {
        "lastModified": 1704902406,
        "narHash": "sha256-wpCCgV7p2HfFaWx3LTo2xBPb3f3MjnetcJoGa5blkVY=",
        "owner": "nix-community",
        "repo": "NUR",
        "rev": "6509c7fd6e383a375fe0652a435941b0e63ace08",
        "type": "github"
      },
      "original": {
        "owner": "nix-community",
        "repo": "NUR",
        "type": "github"
      }
    },
    "ragenix": {
      "inputs": {
        "agenix": "agenix",
        "crane": "crane",
        "flake-utils": "flake-utils_4",
        "nixpkgs": [
          "nixpkgs"
        ],
        "rust-overlay": "rust-overlay"
      },
      "locked": {
        "lastModified": 1682237245,
        "narHash": "sha256-xbBR7LNK+d5Yi/D6FXQGc1R6u2VV2nwr/Df5iaEbOEQ=",
        "owner": "yaxitech",
        "repo": "ragenix",
        "rev": "281f68c3d477904f79ff1cd5807a8c226cd80a50",
        "type": "github"
      },
      "original": {
        "owner": "yaxitech",
        "repo": "ragenix",
        "type": "github"
      }
    },
    "root": {
      "inputs": {
        "deploy-rs": "deploy-rs",
        "devshell": "devshell",
        "flake-utils": "flake-utils_2",
        "haumea": "haumea",
        "home-manager": "home-manager",
        "marrano-bot": "marrano-bot",
        "nix-darwin": "nix-darwin",
        "nixos-hardware": "nixos-hardware",
        "nixos-wsl": "nixos-wsl",
        "nixpkgs": "nixpkgs_3",
        "nur": "nur",
        "ragenix": "ragenix"
      }
    },
    "rust-overlay": {
      "inputs": {
        "flake-utils": [
          "ragenix",
          "flake-utils"
        ],
        "nixpkgs": [
          "ragenix",
          "nixpkgs"
        ]
      },
      "locked": {
        "lastModified": 1682129965,
        "narHash": "sha256-1KRPIorEL6pLpJR04FwAqqnt4Tzcm4MqD84yhlD+XSk=",
        "owner": "oxalica",
        "repo": "rust-overlay",
        "rev": "2c417c0460b788328220120c698630947547ee83",
        "type": "github"
      },
      "original": {
        "owner": "oxalica",
        "repo": "rust-overlay",
        "type": "github"
      }
    },
    "systems": {
      "locked": {
        "lastModified": 1681028828,
        "narHash": "sha256-Vy1rq5AaRuLzOxct8nz4T6wlgyUR7zLU309k9mBC768=",
        "owner": "nix-systems",
        "repo": "default",
        "rev": "da67096a3b9bf56a91d16901293e51ba5b49a27e",
        "type": "github"
      },
      "original": {
        "owner": "nix-systems",
        "repo": "default",
        "type": "github"
      }
    },
    "systems_2": {
      "locked": {
        "lastModified": 1681028828,
        "narHash": "sha256-Vy1rq5AaRuLzOxct8nz4T6wlgyUR7zLU309k9mBC768=",
        "owner": "nix-systems",
        "repo": "default",
        "rev": "da67096a3b9bf56a91d16901293e51ba5b49a27e",
        "type": "github"
      },
      "original": {
        "owner": "nix-systems",
        "repo": "default",
        "type": "github"
      }
    },
    "systems_3": {
      "locked": {
        "lastModified": 1681028828,
        "narHash": "sha256-Vy1rq5AaRuLzOxct8nz4T6wlgyUR7zLU309k9mBC768=",
        "owner": "nix-systems",
        "repo": "default",
        "rev": "da67096a3b9bf56a91d16901293e51ba5b49a27e",
        "type": "github"
      },
      "original": {
        "owner": "nix-systems",
        "repo": "default",
        "type": "github"
      }
    },
    "systems_4": {
      "locked": {
        "lastModified": 1681028828,
        "narHash": "sha256-Vy1rq5AaRuLzOxct8nz4T6wlgyUR7zLU309k9mBC768=",
        "owner": "nix-systems",
        "repo": "default",
        "rev": "da67096a3b9bf56a91d16901293e51ba5b49a27e",
        "type": "github"
      },
      "original": {
        "owner": "nix-systems",
        "repo": "default",
        "type": "github"
      }
    },
    "systems_5": {
      "locked": {
        "lastModified": 1681028828,
        "narHash": "sha256-Vy1rq5AaRuLzOxct8nz4T6wlgyUR7zLU309k9mBC768=",
        "owner": "nix-systems",
        "repo": "default",
        "rev": "da67096a3b9bf56a91d16901293e51ba5b49a27e",
        "type": "github"
      },
      "original": {
        "owner": "nix-systems",
        "repo": "default",
        "type": "github"
      }
    },
    "systems_6": {
      "locked": {
        "lastModified": 1681028828,
        "narHash": "sha256-Vy1rq5AaRuLzOxct8nz4T6wlgyUR7zLU309k9mBC768=",
        "owner": "nix-systems",
        "repo": "default",
        "rev": "da67096a3b9bf56a91d16901293e51ba5b49a27e",
        "type": "github"
      },
      "original": {
        "owner": "nix-systems",
        "repo": "default",
        "type": "github"
      }
    },
    "systems_7": {
      "locked": {
        "lastModified": 1681028828,
        "narHash": "sha256-Vy1rq5AaRuLzOxct8nz4T6wlgyUR7zLU309k9mBC768=",
        "owner": "nix-systems",
        "repo": "default",
        "rev": "da67096a3b9bf56a91d16901293e51ba5b49a27e",
        "type": "github"
      },
      "original": {
        "owner": "nix-systems",
        "repo": "default",
        "type": "github"
      }
    },
    "utils": {
      "inputs": {
        "systems": "systems"
      },
      "locked": {
        "lastModified": 1701680307,
        "narHash": "sha256-kAuep2h5ajznlPMD9rnQyffWG8EM/C73lejGofXvdM8=",
        "owner": "numtide",
        "repo": "flake-utils",
        "rev": "4022d587cbbfd70fe950c1e2083a02621806a725",
        "type": "github"
      },
      "original": {
        "owner": "numtide",
        "repo": "flake-utils",
        "type": "github"
      }
    }
  },
  "root": "root",
  "version": 7
}
